
Microsoft Visual Studio Solution File, Format Version 12.00
# Visual Studio 15
VisualStudioVersion = 15.0.27130.2024
MinimumVisualStudioVersion = 10.0.40219.1
Project("{F184B08F-C81C-45F6-A57F-5ABD9991F28F}") = "sliit", "sliit\sliit.vbproj", "{785BD05A-7C63-42F8-9F43-BD6B50AD6646}"
EndProject
Global
	GlobalSection(SolutionConfigurationPlatforms) = preSolution
		Debug|Any CPU = Debug|Any CPU
		Release|Any CPU = Release|Any CPU
	EndGlobalSection
	GlobalSection(ProjectConfigurationPlatforms) = postSolution
		{785BD05A-7C63-42F8-9F43-BD6B50AD6646}.Debug|Any CPU.ActiveCfg = Debug|Any CPU
		{785BD05A-7C63-42F8-9F43-BD6B50AD6646}.Debug|Any CPU.Build.0 = Debug|Any CPU
		{785BD05A-7C63-42F8-9F43-BD6B50AD6646}.Release|Any CPU.ActiveCfg = Release|Any CPU
		{785BD05A-7C63-42F8-9F43-BD6B50AD6646}.Release|Any CPU.Build.0 = Release|Any CPU
	EndGlobalSection
	GlobalSection(SolutionProperties) = preSolution
		HideSolutionNode = FALSE
	EndGlobalSection
	GlobalSection(ExtensibilityGlobals) = postSolution
		SolutionGuid = {3A97B1B8-C427-4ED8-8CE8-8D5C06874EE9}
	EndGlobalSection
EndGlobal
